
Microsoft Visual Studio Solution File, Format Version 12.00
# Visual Studio Version 16
VisualStudioVersion = 16.0.30204.135
MinimumVisualStudioVersion = 10.0.40219.1
Project("{2150E333-8FDC-42A3-9474-1A3956D46DE8}") = "src", "src", "{FB5E4ED7-B491-433E-8D50-3E88BFAFCE87}"
EndProject
Project("{2150E333-8FDC-42A3-9474-1A3956D46DE8}") = "Building Blocks", "Building Blocks", "{F1DE4BC6-AEF6-447F-9134-CE15156618BD}"
EndProject
Project("{2150E333-8FDC-42A3-9474-1A3956D46DE8}") = "Services", "Services", "{6633C7E2-A266-448F-9236-8803333044D8}"
EndProject
Project("{2150E333-8FDC-42A3-9474-1A3956D46DE8}") = "Web", "Web", "{E47A1789-5861-47CA-AD63-0CD5BA0CBDA7}"
EndProject
Project("{2150E333-8FDC-42A3-9474-1A3956D46DE8}") = "Identidade", "Identidade", "{971E2BDC-4E48-41D6-A6EA-CE0E00DD4D0F}"
EndProject
Project("{FAE04EC0-301F-11D3-BF4B-00C04F79EFBC}") = "NSE.Identidade.Api", "src\services\NSE.Identidade.Api\NSE.Identidade.Api.csproj", "{E9A86815-918D-4D38-9B3A-808E117FEF52}"
EndProject
Project("{2150E333-8FDC-42A3-9474-1A3956D46DE8}") = "MVC", "MVC", "{F12939DF-C8FC-4C89-A439-CF707B7A7571}"
EndProject
Project("{FAE04EC0-301F-11D3-BF4B-00C04F79EFBC}") = "NSE.WebApp.MVC", "src\web\NSE.WebApp.MVC\NSE.WebApp.MVC.csproj", "{09B124D6-8D2D-4AA7-9452-C00E9BE39128}"
EndProject
Project("{2150E333-8FDC-42A3-9474-1A3956D46DE8}") = "Core", "Core", "{D542652D-21F2-4C75-AE8E-4A780EC232D8}"
EndProject
Project("{FAE04EC0-301F-11D3-BF4B-00C04F79EFBC}") = "NSE.Core", "src\building blocks\NSE.Core\NSE.Core.csproj", "{A48F53B9-B2EA-4808-9B36-B56C7BC071A7}"
EndProject
Project("{2150E333-8FDC-42A3-9474-1A3956D46DE8}") = "Carrinho", "Carrinho", "{0A822903-D7D4-4295-ACD5-76594376861B}"
EndProject
Project("{FAE04EC0-301F-11D3-BF4B-00C04F79EFBC}") = "NSE.Carrinho.API", "src\services\NSE.Carrinho.API\NSE.Carrinho.API.csproj", "{B848F328-C0AF-4FF4-8F75-D03B29090B6A}"
EndProject
Project("{2150E333-8FDC-42A3-9474-1A3956D46DE8}") = "Catalogo", "Catalogo", "{EAA3BF56-9C32-45E9-A7A1-7D2A1F7A12A4}"
EndProject
Project("{FAE04EC0-301F-11D3-BF4B-00C04F79EFBC}") = "NSE.Catalogo.API", "src\services\NSE.Catalogo.API\NSE.Catalogo.API.csproj", "{77B949EC-7CE1-4EDB-A632-FC658E147121}"
EndProject
Project("{2150E333-8FDC-42A3-9474-1A3956D46DE8}") = "Cliente", "Cliente", "{0F6A0E24-188F-42A2-8572-F7D949C0E406}"
EndProject
Project("{FAE04EC0-301F-11D3-BF4B-00C04F79EFBC}") = "NSE.Cliente.API", "src\services\NSE.Cliente.API\NSE.Cliente.API.csproj", "{7903932A-957D-49AC-A075-8DC2AB896D51}"
EndProject
Project("{2150E333-8FDC-42A3-9474-1A3956D46DE8}") = "Pagamento", "Pagamento", "{E5F62EE1-E6CF-4EDE-8C7F-433B12DDEC7D}"
EndProject
Project("{FAE04EC0-301F-11D3-BF4B-00C04F79EFBC}") = "NSE.Pagamento.API", "src\services\NSE.Pagamento.API\NSE.Pagamento.API.csproj", "{272507DB-6CCF-499B-B1FD-B5E2B5C633FB}"
EndProject
Project("{2150E333-8FDC-42A3-9474-1A3956D46DE8}") = "Pedido", "Pedido", "{ACE36A7B-02A4-4AD2-97EE-FA0A3A24C05D}"
EndProject
Project("{FAE04EC0-301F-11D3-BF4B-00C04F79EFBC}") = "NSE.Pedido.API", "src\services\NSE.Pedido.API\NSE.Pedido.API.csproj", "{2D7B1989-7066-45F2-A385-9C61E0624C77}"
EndProject
Global
	GlobalSection(SolutionConfigurationPlatforms) = preSolution
		Debug|Any CPU = Debug|Any CPU
		Release|Any CPU = Release|Any CPU
	EndGlobalSection
	GlobalSection(ProjectConfigurationPlatforms) = postSolution
		{E9A86815-918D-4D38-9B3A-808E117FEF52}.Debug|Any CPU.ActiveCfg = Debug|Any CPU
		{E9A86815-918D-4D38-9B3A-808E117FEF52}.Debug|Any CPU.Build.0 = Debug|Any CPU
		{E9A86815-918D-4D38-9B3A-808E117FEF52}.Release|Any CPU.ActiveCfg = Release|Any CPU
		{E9A86815-918D-4D38-9B3A-808E117FEF52}.Release|Any CPU.Build.0 = Release|Any CPU
		{09B124D6-8D2D-4AA7-9452-C00E9BE39128}.Debug|Any CPU.ActiveCfg = Debug|Any CPU
		{09B124D6-8D2D-4AA7-9452-C00E9BE39128}.Debug|Any CPU.Build.0 = Debug|Any CPU
		{09B124D6-8D2D-4AA7-9452-C00E9BE39128}.Release|Any CPU.ActiveCfg = Release|Any CPU
		{09B124D6-8D2D-4AA7-9452-C00E9BE39128}.Release|Any CPU.Build.0 = Release|Any CPU
		{A48F53B9-B2EA-4808-9B36-B56C7BC071A7}.Debug|Any CPU.ActiveCfg = Debug|Any CPU
		{A48F53B9-B2EA-4808-9B36-B56C7BC071A7}.Debug|Any CPU.Build.0 = Debug|Any CPU
		{A48F53B9-B2EA-4808-9B36-B56C7BC071A7}.Release|Any CPU.ActiveCfg = Release|Any CPU
		{A48F53B9-B2EA-4808-9B36-B56C7BC071A7}.Release|Any CPU.Build.0 = Release|Any CPU
		{B848F328-C0AF-4FF4-8F75-D03B29090B6A}.Debug|Any CPU.ActiveCfg = Debug|Any CPU
		{B848F328-C0AF-4FF4-8F75-D03B29090B6A}.Debug|Any CPU.Build.0 = Debug|Any CPU
		{B848F328-C0AF-4FF4-8F75-D03B29090B6A}.Release|Any CPU.ActiveCfg = Release|Any CPU
		{B848F328-C0AF-4FF4-8F75-D03B29090B6A}.Release|Any CPU.Build.0 = Release|Any CPU
		{77B949EC-7CE1-4EDB-A632-FC658E147121}.Debug|Any CPU.ActiveCfg = Debug|Any CPU
		{77B949EC-7CE1-4EDB-A632-FC658E147121}.Debug|Any CPU.Build.0 = Debug|Any CPU
		{77B949EC-7CE1-4EDB-A632-FC658E147121}.Release|Any CPU.ActiveCfg = Release|Any CPU
		{77B949EC-7CE1-4EDB-A632-FC658E147121}.Release|Any CPU.Build.0 = Release|Any CPU
		{7903932A-957D-49AC-A075-8DC2AB896D51}.Debug|Any CPU.ActiveCfg = Debug|Any CPU
		{7903932A-957D-49AC-A075-8DC2AB896D51}.Debug|Any CPU.Build.0 = Debug|Any CPU
		{7903932A-957D-49AC-A075-8DC2AB896D51}.Release|Any CPU.ActiveCfg = Release|Any CPU
		{7903932A-957D-49AC-A075-8DC2AB896D51}.Release|Any CPU.Build.0 = Release|Any CPU
		{272507DB-6CCF-499B-B1FD-B5E2B5C633FB}.Debug|Any CPU.ActiveCfg = Debug|Any CPU
		{272507DB-6CCF-499B-B1FD-B5E2B5C633FB}.Debug|Any CPU.Build.0 = Debug|Any CPU
		{272507DB-6CCF-499B-B1FD-B5E2B5C633FB}.Release|Any CPU.ActiveCfg = Release|Any CPU
		{272507DB-6CCF-499B-B1FD-B5E2B5C633FB}.Release|Any CPU.Build.0 = Release|Any CPU
		{2D7B1989-7066-45F2-A385-9C61E0624C77}.Debug|Any CPU.ActiveCfg = Debug|Any CPU
		{2D7B1989-7066-45F2-A385-9C61E0624C77}.Debug|Any CPU.Build.0 = Debug|Any CPU
		{2D7B1989-7066-45F2-A385-9C61E0624C77}.Release|Any CPU.ActiveCfg = Release|Any CPU
		{2D7B1989-7066-45F2-A385-9C61E0624C77}.Release|Any CPU.Build.0 = Release|Any CPU
	EndGlobalSection
	GlobalSection(SolutionProperties) = preSolution
		HideSolutionNode = FALSE
	EndGlobalSection
	GlobalSection(NestedProjects) = preSolution
		{F1DE4BC6-AEF6-447F-9134-CE15156618BD} = {FB5E4ED7-B491-433E-8D50-3E88BFAFCE87}
		{6633C7E2-A266-448F-9236-8803333044D8} = {FB5E4ED7-B491-433E-8D50-3E88BFAFCE87}
		{E47A1789-5861-47CA-AD63-0CD5BA0CBDA7} = {FB5E4ED7-B491-433E-8D50-3E88BFAFCE87}
		{971E2BDC-4E48-41D6-A6EA-CE0E00DD4D0F} = {6633C7E2-A266-448F-9236-8803333044D8}
		{E9A86815-918D-4D38-9B3A-808E117FEF52} = {971E2BDC-4E48-41D6-A6EA-CE0E00DD4D0F}
		{F12939DF-C8FC-4C89-A439-CF707B7A7571} = {E47A1789-5861-47CA-AD63-0CD5BA0CBDA7}
		{09B124D6-8D2D-4AA7-9452-C00E9BE39128} = {F12939DF-C8FC-4C89-A439-CF707B7A7571}
		{D542652D-21F2-4C75-AE8E-4A780EC232D8} = {F1DE4BC6-AEF6-447F-9134-CE15156618BD}
		{A48F53B9-B2EA-4808-9B36-B56C7BC071A7} = {D542652D-21F2-4C75-AE8E-4A780EC232D8}
		{0A822903-D7D4-4295-ACD5-76594376861B} = {6633C7E2-A266-448F-9236-8803333044D8}
		{B848F328-C0AF-4FF4-8F75-D03B29090B6A} = {0A822903-D7D4-4295-ACD5-76594376861B}
		{EAA3BF56-9C32-45E9-A7A1-7D2A1F7A12A4} = {6633C7E2-A266-448F-9236-8803333044D8}
		{77B949EC-7CE1-4EDB-A632-FC658E147121} = {EAA3BF56-9C32-45E9-A7A1-7D2A1F7A12A4}
		{0F6A0E24-188F-42A2-8572-F7D949C0E406} = {6633C7E2-A266-448F-9236-8803333044D8}
		{7903932A-957D-49AC-A075-8DC2AB896D51} = {0F6A0E24-188F-42A2-8572-F7D949C0E406}
		{E5F62EE1-E6CF-4EDE-8C7F-433B12DDEC7D} = {6633C7E2-A266-448F-9236-8803333044D8}
		{272507DB-6CCF-499B-B1FD-B5E2B5C633FB} = {E5F62EE1-E6CF-4EDE-8C7F-433B12DDEC7D}
		{ACE36A7B-02A4-4AD2-97EE-FA0A3A24C05D} = {6633C7E2-A266-448F-9236-8803333044D8}
		{2D7B1989-7066-45F2-A385-9C61E0624C77} = {ACE36A7B-02A4-4AD2-97EE-FA0A3A24C05D}
	EndGlobalSection
	GlobalSection(ExtensibilityGlobals) = postSolution
		SolutionGuid = {9D895B88-5AB6-423F-B11D-FAED20B704E3}
	EndGlobalSection
EndGlobal
